
Microsoft Visual Studio Solution File, Format Version 12.00
# Visual Studio Version 17
VisualStudioVersion = 17.8.34525.116
MinimumVisualStudioVersion = 10.0.40219.1
Project("{9A19103F-16F7-4668-BE54-9A1E7A4F7556}") = "Product", "index\Product.csproj", "{18ABF203-7FA7-4932-BCEC-B0CAA85B612A}"
EndProject
Global
	GlobalSection(SolutionConfigurationPlatforms) = preSolution
		Debug|Any CPU = Debug|Any CPU
		Release|Any CPU = Release|Any CPU
	EndGlobalSection
	GlobalSection(ProjectConfigurationPlatforms) = postSolution
		{18ABF203-7FA7-4932-BCEC-B0CAA85B612A}.Debug|Any CPU.ActiveCfg = Debug|Any CPU
		{18ABF203-7FA7-4932-BCEC-B0CAA85B612A}.Debug|Any CPU.Build.0 = Debug|Any CPU
		{18ABF203-7FA7-4932-BCEC-B0CAA85B612A}.Release|Any CPU.ActiveCfg = Release|Any CPU
		{18ABF203-7FA7-4932-BCEC-B0CAA85B612A}.Release|Any CPU.Build.0 = Release|Any CPU
	EndGlobalSection
	GlobalSection(SolutionProperties) = preSolution
		HideSolutionNode = FALSE
	EndGlobalSection
	GlobalSection(ExtensibilityGlobals) = postSolution
		SolutionGuid = {E48AD1E1-10D1-444D-8097-CF5FC4F2A2CA}
	EndGlobalSection
EndGlobal
